
Microsoft Visual Studio Solution File, Format Version 12.00
# Visual Studio 15
VisualStudioVersion = 15.0.27428.2037
MinimumVisualStudioVersion = 10.0.40219.1
Project("{8BC9CEB8-8B4A-11D0-8D11-00A0C91BC942}") = "MyBrowser", "MyBrowser\MyBrowser.vcxproj", "{4C5FEB40-EB71-4448-9439-1DBC28ADF9BC}"
EndProject
Global
	GlobalSection(SolutionConfigurationPlatforms) = preSolution
		Debug|Win32 = Debug|Win32
		Release|Win32 = Release|Win32
	EndGlobalSection
	GlobalSection(ProjectConfigurationPlatforms) = postSolution
		{4C5FEB40-EB71-4448-9439-1DBC28ADF9BC}.Debug|Win32.ActiveCfg = Debug|Win32
		{4C5FEB40-EB71-4448-9439-1DBC28ADF9BC}.Debug|Win32.Build.0 = Debug|Win32
		{4C5FEB40-EB71-4448-9439-1DBC28ADF9BC}.Release|Win32.ActiveCfg = Release|Win32
		{4C5FEB40-EB71-4448-9439-1DBC28ADF9BC}.Release|Win32.Build.0 = Release|Win32
	EndGlobalSection
	GlobalSection(SolutionProperties) = preSolution
		HideSolutionNode = FALSE
	EndGlobalSection
	GlobalSection(ExtensibilityGlobals) = postSolution
		SolutionGuid = {649D0E0D-0D89-4BF1-9B6A-6E35FEC65B61}
	EndGlobalSection
EndGlobal
